
Microsoft Visual Studio Solution File, Format Version 12.00
# Visual Studio 15
VisualStudioVersion = 15.0.28307.421
MinimumVisualStudioVersion = 10.0.40219.1
Project("{FAE04EC0-301F-11D3-BF4B-00C04F79EFBC}") = "AchievementScraper.Persistence", "AchievementScraper\AchievementScraper.Persistence.csproj", "{42802732-3F70-470A-A005-DED396E0DC25}"
EndProject
Project("{FAE04EC0-301F-11D3-BF4B-00C04F79EFBC}") = "AchievementScraper.Presentation", "AchievementScraper.Presentation\AchievementScraper.Presentation.csproj", "{6E127401-0FC1-4B37-A275-00FD9397AF29}"
EndProject
Project("{FAE04EC0-301F-11D3-BF4B-00C04F79EFBC}") = "AchievementScraper.Domain", "AchivementScraper.Domain\AchievementScraper.Domain.csproj", "{576D99C8-CD2C-4234-852D-B3E5AF34533C}"
EndProject
Project("{FAE04EC0-301F-11D3-BF4B-00C04F79EFBC}") = "AchievementScraper.DomainTests", "AchievementScraper.DomainTests\AchievementScraper.DomainTests.csproj", "{2CD3112A-43C7-4551-ADE3-E2C680556480}"
EndProject
Global
	GlobalSection(SolutionConfigurationPlatforms) = preSolution
		Debug|Any CPU = Debug|Any CPU
		Release|Any CPU = Release|Any CPU
	EndGlobalSection
	GlobalSection(ProjectConfigurationPlatforms) = postSolution
		{42802732-3F70-470A-A005-DED396E0DC25}.Debug|Any CPU.ActiveCfg = Debug|Any CPU
		{42802732-3F70-470A-A005-DED396E0DC25}.Debug|Any CPU.Build.0 = Debug|Any CPU
		{42802732-3F70-470A-A005-DED396E0DC25}.Release|Any CPU.ActiveCfg = Release|Any CPU
		{42802732-3F70-470A-A005-DED396E0DC25}.Release|Any CPU.Build.0 = Release|Any CPU
		{6E127401-0FC1-4B37-A275-00FD9397AF29}.Debug|Any CPU.ActiveCfg = Debug|Any CPU
		{6E127401-0FC1-4B37-A275-00FD9397AF29}.Debug|Any CPU.Build.0 = Debug|Any CPU
		{6E127401-0FC1-4B37-A275-00FD9397AF29}.Release|Any CPU.ActiveCfg = Release|Any CPU
		{6E127401-0FC1-4B37-A275-00FD9397AF29}.Release|Any CPU.Build.0 = Release|Any CPU
		{576D99C8-CD2C-4234-852D-B3E5AF34533C}.Debug|Any CPU.ActiveCfg = Debug|Any CPU
		{576D99C8-CD2C-4234-852D-B3E5AF34533C}.Debug|Any CPU.Build.0 = Debug|Any CPU
		{576D99C8-CD2C-4234-852D-B3E5AF34533C}.Release|Any CPU.ActiveCfg = Release|Any CPU
		{576D99C8-CD2C-4234-852D-B3E5AF34533C}.Release|Any CPU.Build.0 = Release|Any CPU
		{2CD3112A-43C7-4551-ADE3-E2C680556480}.Debug|Any CPU.ActiveCfg = Debug|Any CPU
		{2CD3112A-43C7-4551-ADE3-E2C680556480}.Debug|Any CPU.Build.0 = Debug|Any CPU
		{2CD3112A-43C7-4551-ADE3-E2C680556480}.Release|Any CPU.ActiveCfg = Release|Any CPU
		{2CD3112A-43C7-4551-ADE3-E2C680556480}.Release|Any CPU.Build.0 = Release|Any CPU
	EndGlobalSection
	GlobalSection(SolutionProperties) = preSolution
		HideSolutionNode = FALSE
	EndGlobalSection
	GlobalSection(ExtensibilityGlobals) = postSolution
		SolutionGuid = {F89E2F1E-58EA-4621-B917-168AB5EC13E4}
	EndGlobalSection
EndGlobal
